{
  "name": "@mediapipe/hands",
  "version": "0.3.1630010197",
  "lockfileVersion": 3,
  "requires": true,
  "packages": {
    "": {
      "name": "@mediapipe/hands",
      "version": "0.3.1630010197",
      "license": "Apache-2.0",
      "dependencies": {
        "@mediapipe/hands": "file:"
      }
    },
    "node_modules/@mediapipe/hands": {
      "resolved": "",
      "link": true
    }
  }
}
